
Microsoft Visual Studio Solution File, Format Version 12.00
# Visual Studio Version 17
VisualStudioVersion = 17.5.002.0
MinimumVisualStudioVersion = 10.0.40219.1
Project("{9A19103F-16F7-4668-BE54-9A1E7A4F7556}") = "MyBGList", "MyBGList\MyBGList.csproj", "{7B09D7C6-204C-4F9E-B9B0-756E473DB6E7}"
EndProject
Project("{FAE04EC0-301F-11D3-BF4B-00C04F79EFBC}") = "MyBGList.Tests", "MyBGList.Tests\MyBGList.Tests.csproj", "{479114AF-05F6-4525-9EB3-56574A397332}"
EndProject
Project("{FAE04EC0-301F-11D3-BF4B-00C04F79EFBC}") = "MyBGGList.Test.Helpers", "MyBGGList.Test.Helpers\MyBGGList.Test.Helpers.csproj", "{F05EC7F5-FDC2-4525-9084-A7EF5DD1B3C1}"
EndProject
Global
	GlobalSection(SolutionConfigurationPlatforms) = preSolution
		Debug|Any CPU = Debug|Any CPU
		Release|Any CPU = Release|Any CPU
	EndGlobalSection
	GlobalSection(ProjectConfigurationPlatforms) = postSolution
		{7B09D7C6-204C-4F9E-B9B0-756E473DB6E7}.Debug|Any CPU.ActiveCfg = Debug|Any CPU
		{7B09D7C6-204C-4F9E-B9B0-756E473DB6E7}.Debug|Any CPU.Build.0 = Debug|Any CPU
		{7B09D7C6-204C-4F9E-B9B0-756E473DB6E7}.Release|Any CPU.ActiveCfg = Release|Any CPU
		{7B09D7C6-204C-4F9E-B9B0-756E473DB6E7}.Release|Any CPU.Build.0 = Release|Any CPU
		{479114AF-05F6-4525-9EB3-56574A397332}.Debug|Any CPU.ActiveCfg = Debug|Any CPU
		{479114AF-05F6-4525-9EB3-56574A397332}.Debug|Any CPU.Build.0 = Debug|Any CPU
		{479114AF-05F6-4525-9EB3-56574A397332}.Release|Any CPU.ActiveCfg = Release|Any CPU
		{479114AF-05F6-4525-9EB3-56574A397332}.Release|Any CPU.Build.0 = Release|Any CPU
		{F05EC7F5-FDC2-4525-9084-A7EF5DD1B3C1}.Debug|Any CPU.ActiveCfg = Debug|Any CPU
		{F05EC7F5-FDC2-4525-9084-A7EF5DD1B3C1}.Debug|Any CPU.Build.0 = Debug|Any CPU
		{F05EC7F5-FDC2-4525-9084-A7EF5DD1B3C1}.Release|Any CPU.ActiveCfg = Release|Any CPU
		{F05EC7F5-FDC2-4525-9084-A7EF5DD1B3C1}.Release|Any CPU.Build.0 = Release|Any CPU
	EndGlobalSection
	GlobalSection(SolutionProperties) = preSolution
		HideSolutionNode = FALSE
	EndGlobalSection
	GlobalSection(ExtensibilityGlobals) = postSolution
		SolutionGuid = {05F8CFB0-9F65-440A-AA3E-1D7844B0EEB9}
	EndGlobalSection
EndGlobal
